hash: b2b37a7c6f281c8a03c6a15504727df0201fbffe1249865a03bf0d83b6e0a032
updated: 2016-09-29T11:42:55.666309886+08:00
imports:
- name: github.com/tidwall/btree
  version: bde515e1697379bec1427903e54888babf32513a
- name: github.com/tidwall/buntdb
  version: 6cd540fffb4fd5f2417f8d2c80dee8f3174939a5
- name: github.com/tidwall/gjson
  version: 2dec1c4e7be3fff111b388536cf94ae23c38add7
- name: github.com/tidwall/match
  version: 173748da739a410c5b0b813b956f89ff94730b4c
- name: github.com/tidwall/redcon
  version: c7babac35e39b941ce7e70c72427304b21e8f26f
- name: github.com/tidwall/rtree
  version: d4a8a3d30d5729f85edfba1745241f3a621d0359
testImports: []
